
Microsoft Visual Studio Solution File, Format Version 12.00
# Visual Studio Version 17
VisualStudioVersion = 17.7.34024.191
MinimumVisualStudioVersion = 10.0.40219.1
Project("{9A19103F-16F7-4668-BE54-9A1E7A4F7556}") = "XUnitBankTests", "XUnitBankTests\XUnitBankTests.csproj", "{104846DF-8633-4939-97D4-C74F2974049F}"
EndProject
Project("{9A19103F-16F7-4668-BE54-9A1E7A4F7556}") = "XUnitBank", "XUnitBank\XUnitBank.csproj", "{D7423BC9-0AF5-458B-AC1C-468EEEECF30E}"
EndProject
Global
	GlobalSection(SolutionConfigurationPlatforms) = preSolution
		Debug|Any CPU = Debug|Any CPU
		Release|Any CPU = Release|Any CPU
	EndGlobalSection
	GlobalSection(ProjectConfigurationPlatforms) = postSolution
		{104846DF-8633-4939-97D4-C74F2974049F}.Debug|Any CPU.ActiveCfg = Debug|Any CPU
		{104846DF-8633-4939-97D4-C74F2974049F}.Debug|Any CPU.Build.0 = Debug|Any CPU
		{104846DF-8633-4939-97D4-C74F2974049F}.Release|Any CPU.ActiveCfg = Release|Any CPU
		{104846DF-8633-4939-97D4-C74F2974049F}.Release|Any CPU.Build.0 = Release|Any CPU
		{D7423BC9-0AF5-458B-AC1C-468EEEECF30E}.Debug|Any CPU.ActiveCfg = Debug|Any CPU
		{D7423BC9-0AF5-458B-AC1C-468EEEECF30E}.Debug|Any CPU.Build.0 = Debug|Any CPU
		{D7423BC9-0AF5-458B-AC1C-468EEEECF30E}.Release|Any CPU.ActiveCfg = Release|Any CPU
		{D7423BC9-0AF5-458B-AC1C-468EEEECF30E}.Release|Any CPU.Build.0 = Release|Any CPU
	EndGlobalSection
	GlobalSection(SolutionProperties) = preSolution
		HideSolutionNode = FALSE
	EndGlobalSection
	GlobalSection(ExtensibilityGlobals) = postSolution
		SolutionGuid = {DE664C17-74EC-4450-9D60-CF4F46D159EB}
	EndGlobalSection
EndGlobal
